// !$*UTF8*$!
{
	archiveVersion = 1;
	classes = {
	};
	objectVersion = 50;
	objects = {

/* Begin PBXBuildFile section */
		1263608622DF19E5007FDBC0 /* AppDelegate.swift in Sources */ = {isa = PBXBuildFile; fileRef = 1263608522DF19E4007FDBC0 /* AppDelegate.swift */; };
		1263608822DF19E5007FDBC0 /* ViewController.swift in Sources */ = {isa = PBXBuildFile; fileRef = 1263608722DF19E5007FDBC0 /* ViewController.swift */; };
		1263608B22DF19E5007FDBC0 /* Main.storyboard in Resources */ = {isa = PBXBuildFile; fileRef = 1263608922DF19E5007FDBC0 /* Main.storyboard */; };
		1263608D22DF19EA007FDBC0 /* Assets.xcassets in Resources */ = {isa = PBXBuildFile; fileRef = 1263608C22DF19EA007FDBC0 /* Assets.xcassets */; };
		1263609022DF19EA007FDBC0 /* LaunchScreen.storyboard in Resources */ = {isa = PBXBuildFile; fileRef = 1263608E22DF19EA007FDBC0 /* LaunchScreen.storyboard */; };
		1263609B22DF1DCC007FDBC0 /* APIRequestConstants.swift in Sources */ = {isa = PBXBuildFile; fileRef = 1263609A22DF1DCC007FDBC0 /* APIRequestConstants.swift */; };
		1263609D22DF1DF3007FDBC0 /* APIRequestHelper.swift in Sources */ = {isa = PBXBuildFile; fileRef = 1263609C22DF1DF3007FDBC0 /* APIRequestHelper.swift */; };
		1263609F22DF22F5007FDBC0 /* Model.swift in Sources */ = {isa = PBXBuildFile; fileRef = 1263609E22DF22F5007FDBC0 /* Model.swift */; };
		126360A122DF235A007FDBC0 /* APIErrorModel.swift in Sources */ = {isa = PBXBuildFile; fileRef = 126360A022DF235A007FDBC0 /* APIErrorModel.swift */; };
		126360A522DF8894007FDBC0 /* washCell.swift in Sources */ = {isa = PBXBuildFile; fileRef = 126360A322DF8894007FDBC0 /* washCell.swift */; };
		126360A622DF8894007FDBC0 /* washCell.xib in Resources */ = {isa = PBXBuildFile; fileRef = 126360A422DF8894007FDBC0 /* washCell.xib */; };
		12AB0CBD22E03D570002FB8A /* Utils.swift in Sources */ = {isa = PBXBuildFile; fileRef = 12AB0CBC22E03D570002FB8A /* Utils.swift */; };
/* End PBXBuildFile section */

/* Begin PBXFileReference section */
		1263608222DF19E4007FDBC0 /* AmazePOC.app */ = {isa = PBXFileReference; explicitFileType = wrapper.application; includeInIndex = 0; path = AmazePOC.app; sourceTree = BUILT_PRODUCTS_DIR; };
		1263608522DF19E4007FDBC0 /* AppDelegate.swift */ = {isa = PBXFileReference; lastKnownFileType = sourcecode.swift; path = AppDelegate.swift; sourceTree = "<group>"; };
		1263608722DF19E5007FDBC0 /* ViewController.swift */ = {isa = PBXFileReference; lastKnownFileType = sourcecode.swift; path = ViewController.swift; sourceTree = "<group>"; };
		1263608A22DF19E5007FDBC0 /* Base */ = {isa = PBXFileReference; lastKnownFileType = file.storyboard; name = Base; path = Base.lproj/Main.storyboard; sourceTree = "<group>"; };
		1263608C22DF19EA007FDBC0 /* Assets.xcassets */ = {isa = PBXFileReference; lastKnownFileType = folder.assetcatalog; path = Assets.xcassets; sourceTree = "<group>"; };
		1263608F22DF19EA007FDBC0 /* Base */ = {isa = PBXFileReference; lastKnownFileType = file.storyboard; name = Base; path = Base.lproj/LaunchScreen.storyboard; sourceTree = "<group>"; };
		1263609122DF19EA007FDBC0 /* Info.plist */ = {isa = PBXFileReference; lastKnownFileType = text.plist.xml; path = Info.plist; sourceTree = "<group>"; };
		1263609A22DF1DCC007FDBC0 /* APIRequestConstants.swift */ = {isa = PBXFileReference; lastKnownFileType = sourcecode.swift; path = APIRequestConstants.swift; sourceTree = "<group>"; };
		1263609C22DF1DF3007FDBC0 /* APIRequestHelper.swift */ = {isa = PBXFileReference; lastKnownFileType = sourcecode.swift; path = APIRequestHelper.swift; sourceTree = "<group>"; };
		1263609E22DF22F5007FDBC0 /* Model.swift */ = {isa = PBXFileReference; lastKnownFileType = sourcecode.swift; path = Model.swift; sourceTree = "<group>"; };
		126360A022DF235A007FDBC0 /* APIErrorModel.swift */ = {isa = PBXFileReference; lastKnownFileType = sourcecode.swift; path = APIErrorModel.swift; sourceTree = "<group>"; };
		126360A322DF8894007FDBC0 /* washCell.swift */ = {isa = PBXFileReference; lastKnownFileType = sourcecode.swift; path = washCell.swift; sourceTree = "<group>"; };
		126360A422DF8894007FDBC0 /* washCell.xib */ = {isa = PBXFileReference; lastKnownFileType = file.xib; path = washCell.xib; sourceTree = "<group>"; };
		12AB0CBC22E03D570002FB8A /* Utils.swift */ = {isa = PBXFileReference; lastKnownFileType = sourcecode.swift; path = Utils.swift; sourceTree = "<group>"; };
		1D4327D248117B457B5EDD2C /* Pods-AmazePOC.debug.xcconfig */ = {isa = PBXFileReference; includeInIndex = 1; lastKnownFileType = text.xcconfig; name = "Pods-AmazePOC.debug.xcconfig"; path = "Target Support Files/Pods-AmazePOC/Pods-AmazePOC.debug.xcconfig"; sourceTree = "<group>"; };
		85F36F27F42E62385CF25217 /* Pods-AmazePOC.release.xcconfig */ = {isa = PBXFileReference; includeInIndex = 1; lastKnownFileType = text.xcconfig; name = "Pods-AmazePOC.release.xcconfig"; path = "Target Support Files/Pods-AmazePOC/Pods-AmazePOC.release.xcconfig"; sourceTree = "<group>"; };
		FA1D271946903F773205CA76 /* Pods_AmazePOC.framework */ = {isa = PBXFileReference; explicitFileType = wrapper.framework; includeInIndex = 0; path = Pods_AmazePOC.framework; sourceTree = BUILT_PRODUCTS_DIR; };
/* End PBXFileReference section */

/* Begin PBXFrameworksBuildPhase section */
		1263607F22DF19E4007FDBC0 /* Frameworks */ = {
			isa = PBXFrameworksBuildPhase;
			buildActionMask = 2147483647;
			files = (
			);
			runOnlyForDeploymentPostprocessing = 0;
		};
/* End PBXFrameworksBuildPhase section */

/* Begin PBXGroup section */
		0D8D34F76BB00D6FA7BF2171 /* Frameworks */ = {
			isa = PBXGroup;
			children = (
				FA1D271946903F773205CA76 /* Pods_AmazePOC.framework */,
			);
			name = Frameworks;
			sourceTree = "<group>";
		};
		1263607922DF19E4007FDBC0 = {
			isa = PBXGroup;
			children = (
				1263608422DF19E4007FDBC0 /* AmazePOC */,
				1263608322DF19E4007FDBC0 /* Products */,
				69D115AAA9788B2C2FEFF6DE /* Pods */,
				0D8D34F76BB00D6FA7BF2171 /* Frameworks */,
			);
			sourceTree = "<group>";
		};
		1263608322DF19E4007FDBC0 /* Products */ = {
			isa = PBXGroup;
			children = (
				1263608222DF19E4007FDBC0 /* AmazePOC.app */,
			);
			name = Products;
			sourceTree = "<group>";
		};
		1263608422DF19E4007FDBC0 /* AmazePOC */ = {
			isa = PBXGroup;
			children = (
				126360A222DF8853007FDBC0 /* CustomCells */,
				1263609922DF1D97007FDBC0 /* ViewControllers */,
				1263609822DF1D85007FDBC0 /* Helpers */,
				1263609722DF1D55007FDBC0 /* Models */,
				1263608522DF19E4007FDBC0 /* AppDelegate.swift */,
				1263608922DF19E5007FDBC0 /* Main.storyboard */,
				1263608C22DF19EA007FDBC0 /* Assets.xcassets */,
				1263608E22DF19EA007FDBC0 /* LaunchScreen.storyboard */,
				1263609122DF19EA007FDBC0 /* Info.plist */,
			);
			path = AmazePOC;
			sourceTree = "<group>";
		};
		1263609722DF1D55007FDBC0 /* Models */ = {
			isa = PBXGroup;
			children = (
				1263609E22DF22F5007FDBC0 /* Model.swift */,
				126360A022DF235A007FDBC0 /* APIErrorModel.swift */,
			);
			path = Models;
			sourceTree = "<group>";
		};
		1263609822DF1D85007FDBC0 /* Helpers */ = {
			isa = PBXGroup;
			children = (
				1263609A22DF1DCC007FDBC0 /* APIRequestConstants.swift */,
				1263609C22DF1DF3007FDBC0 /* APIRequestHelper.swift */,
				12AB0CBC22E03D570002FB8A /* Utils.swift */,
			);
			path = Helpers;
			sourceTree = "<group>";
		};
		1263609922DF1D97007FDBC0 /* ViewControllers */ = {
			isa = PBXGroup;
			children = (
				1263608722DF19E5007FDBC0 /* ViewController.swift */,
			);
			path = ViewControllers;
			sourceTree = "<group>";
		};
		126360A222DF8853007FDBC0 /* CustomCells */ = {
			isa = PBXGroup;
			children = (
				126360A322DF8894007FDBC0 /* washCell.swift */,
				126360A422DF8894007FDBC0 /* washCell.xib */,
			);
			path = CustomCells;
			sourceTree = "<group>";
		};
		69D115AAA9788B2C2FEFF6DE /* Pods */ = {
			isa = PBXGroup;
			children = (
				1D4327D248117B457B5EDD2C /* Pods-AmazePOC.debug.xcconfig */,
				85F36F27F42E62385CF25217 /* Pods-AmazePOC.release.xcconfig */,
			);
			path = Pods;
			sourceTree = "<group>";
		};
/* End PBXGroup section */

/* Begin PBXNativeTarget section */
		1263608122DF19E4007FDBC0 /* AmazePOC */ = {
			isa = PBXNativeTarget;
			buildConfigurationList = 1263609422DF19EA007FDBC0 /* Build configuration list for PBXNativeTarget "AmazePOC" */;
			buildPhases = (
				444494E38D6CC9F199C60CB2 /* [CP] Check Pods Manifest.lock */,
				1263607E22DF19E4007FDBC0 /* Sources */,
				1263607F22DF19E4007FDBC0 /* Frameworks */,
				1263608022DF19E4007FDBC0 /* Resources */,
				6FF12A541E4AC2298251C643 /* [CP] Embed Pods Frameworks */,
			);
			buildRules = (
			);
			dependencies = (
			);
			name = AmazePOC;
			productName = AmazePOC;
			productReference = 1263608222DF19E4007FDBC0 /* AmazePOC.app */;
			productType = "com.apple.product-type.application";
		};
/* End PBXNativeTarget section */

/* Begin PBXProject section */
		1263607A22DF19E4007FDBC0 /* Project object */ = {
			isa = PBXProject;
			attributes = {
				LastSwiftUpdateCheck = 1020;
				LastUpgradeCheck = 1020;
				ORGANIZATIONNAME = Djubo;
				TargetAttributes = {
					1263608122DF19E4007FDBC0 = {
						CreatedOnToolsVersion = 10.2.1;
					};
				};
			};
			buildConfigurationList = 1263607D22DF19E4007FDBC0 /* Build configuration list for PBXProject "AmazePOC" */;
			compatibilityVersion = "Xcode 9.3";
			developmentRegion = en;
			hasScannedForEncodings = 0;
			knownRegions = (
				en,
				Base,
			);
			mainGroup = 1263607922DF19E4007FDBC0;
			productRefGroup = 1263608322DF19E4007FDBC0 /* Products */;
			projectDirPath = "";
			projectRoot = "";
			targets = (
				1263608122DF19E4007FDBC0 /* AmazePOC */,
			);
		};
/* End PBXProject section */

/* Begin PBXResourcesBuildPhase section */
		1263608022DF19E4007FDBC0 /* Resources */ = {
			isa = PBXResourcesBuildPhase;
			buildActionMask = 2147483647;
			files = (
				126360A622DF8894007FDBC0 /* washCell.xib in Resources */,
				1263609022DF19EA007FDBC0 /* LaunchScreen.storyboard in Resources */,
				1263608D22DF19EA007FDBC0 /* Assets.xcassets in Resources */,
				1263608B22DF19E5007FDBC0 /* Main.storyboard in Resources */,
			);
			runOnlyForDeploymentPostprocessing = 0;
		};
/* End PBXResourcesBuildPhase section */

/* Begin PBXShellScriptBuildPhase section */
		444494E38D6CC9F199C60CB2 /* [CP] Check Pods Manifest.lock */ = {
			isa = PBXShellScriptBuildPhase;
			buildActionMask = 2147483647;
			files = (
			);
			inputFileListPaths = (
			);
			inputPaths = (
				"${PODS_PODFILE_DIR_PATH}/Podfile.lock",
				"${PODS_ROOT}/Manifest.lock",
			);
			name = "[CP] Check Pods Manifest.lock";
			outputFileListPaths = (
			);
			outputPaths = (
				"$(DERIVED_FILE_DIR)/Pods-AmazePOC-checkManifestLockResult.txt",
			);
			runOnlyForDeploymentPostprocessing = 0;
			shellPath = /bin/sh;
			shellScript = "diff \"${PODS_PODFILE_DIR_PATH}/Podfile.lock\" \"${PODS_ROOT}/Manifest.lock\" > /dev/null\nif [ $? != 0 ] ; then\n    # print error to STDERR\n    echo \"error: The sandbox is not in sync with the Podfile.lock. Run 'pod install' or update your CocoaPods installation.\" >&2\n    exit 1\nfi\n# This output is used by Xcode 'outputs' to avoid re-running this script phase.\necho \"SUCCESS\" > \"${SCRIPT_OUTPUT_FILE_0}\"\n";
			showEnvVarsInLog = 0;
		};
		6FF12A541E4AC2298251C643 /* [CP] Embed Pods Frameworks */ = {
			isa = PBXShellScriptBuildPhase;
			buildActionMask = 2147483647;
			files = (
			);
			inputFileListPaths = (
			);
			inputPaths = (
				"${PODS_ROOT}/Target Support Files/Pods-AmazePOC/Pods-AmazePOC-frameworks.sh",
				"${BUILT_PRODUCTS_DIR}/Alamofire/Alamofire.framework",
				"${BUILT_PRODUCTS_DIR}/MDFInternationalization/MDFInternationalization.framework",
				"${BUILT_PRODUCTS_DIR}/MDFTextAccessibility/MDFTextAccessibility.framework",
				"${BUILT_PRODUCTS_DIR}/MaterialComponents/MaterialComponents.framework",
				"${BUILT_PRODUCTS_DIR}/SVProgressHUD/SVProgressHUD.framework",
				"${BUILT_PRODUCTS_DIR}/TRON/TRON.framework",
			);
			name = "[CP] Embed Pods Frameworks";
			outputFileListPaths = (
			);
			outputPaths = (
				"${TARGET_BUILD_DIR}/${FRAMEWORKS_FOLDER_PATH}/Alamofire.framework",
				"${TARGET_BUILD_DIR}/${FRAMEWORKS_FOLDER_PATH}/MDFInternationalization.framework",
				"${TARGET_BUILD_DIR}/${FRAMEWORKS_FOLDER_PATH}/MDFTextAccessibility.framework",
				"${TARGET_BUILD_DIR}/${FRAMEWORKS_FOLDER_PATH}/MaterialComponents.framework",
				"${TARGET_BUILD_DIR}/${FRAMEWORKS_FOLDER_PATH}/SVProgressHUD.framework",
				"${TARGET_BUILD_DIR}/${FRAMEWORKS_FOLDER_PATH}/TRON.framework",
			);
			runOnlyForDeploymentPostprocessing = 0;
			shellPath = /bin/sh;
			shellScript = "\"${PODS_ROOT}/Target Support Files/Pods-AmazePOC/Pods-AmazePOC-frameworks.sh\"\n";
			showEnvVarsInLog = 0;
		};
/* End PBXShellScriptBuildPhase section */

/* Begin PBXSourcesBuildPhase section */
		1263607E22DF19E4007FDBC0 /* Sources */ = {
			isa = PBXSourcesBuildPhase;
			buildActionMask = 2147483647;
			files = (
				126360A522DF8894007FDBC0 /* washCell.swift in Sources */,
				12AB0CBD22E03D570002FB8A /* Utils.swift in Sources */,
				1263609F22DF22F5007FDBC0 /* Model.swift in Sources */,
				1263609D22DF1DF3007FDBC0 /* APIRequestHelper.swift in Sources */,
				1263608822DF19E5007FDBC0 /* ViewController.swift in Sources */,
				126360A122DF235A007FDBC0 /* APIErrorModel.swift in Sources */,
				1263609B22DF1DCC007FDBC0 /* APIRequestConstants.swift in Sources */,
				1263608622DF19E5007FDBC0 /* AppDelegate.swift in Sources */,
			);
			runOnlyForDeploymentPostprocessing = 0;
		};
/* End PBXSourcesBuildPhase section */

/* Begin PBXVariantGroup section */
		1263608922DF19E5007FDBC0 /* Main.storyboard */ = {
			isa = PBXVariantGroup;
			children = (
				1263608A22DF19E5007FDBC0 /* Base */,
			);
			name = Main.storyboard;
			sourceTree = "<group>";
		};
		1263608E22DF19EA007FDBC0 /* LaunchScreen.storyboard */ = {
			isa = PBXVariantGroup;
			children = (
				1263608F22DF19EA007FDBC0 /* Base */,
			);
			name = LaunchScreen.storyboard;
			sourceTree = "<group>";
		};
/* End PBXVariantGroup section */

/* Begin XCBuildConfiguration section */
		1263609222DF19EA007FDBC0 /* Debug */ = {
			isa = XCBuildConfiguration;
			buildSettings = {
				ALWAYS_SEARCH_USER_PATHS = NO;
				CLANG_ANALYZER_NONNULL = YES;
				CLANG_ANALYZER_NUMBER_OBJECT_CONVERSION = YES_AGGRESSIVE;
				CLANG_CXX_LANGUAGE_STANDARD = "gnu++14";
				CLANG_CXX_LIBRARY = "libc++";
				CLANG_ENABLE_MODULES = YES;
				CLANG_ENABLE_OBJC_ARC = YES;
				CLANG_ENABLE_OBJC_WEAK = YES;
				CLANG_WARN_BLOCK_CAPTURE_AUTORELEASING = YES;
				CLANG_WARN_BOOL_CONVERSION = YES;
				CLANG_WARN_COMMA = YES;
				CLANG_WARN_CONSTANT_CONVERSION = YES;
				CLANG_WARN_DEPRECATED_OBJC_IMPLEMENTATIONS = YES;
				CLANG_WARN_DIRECT_OBJC_ISA_USAGE = YES_ERROR;
				CLANG_WARN_DOCUMENTATION_COMMENTS = YES;
				CLANG_WARN_EMPTY_BODY = YES;
				CLANG_WARN_ENUM_CONVERSION = YES;
				CLANG_WARN_INFINITE_RECURSION = YES;
				CLANG_WARN_INT_CONVERSION = YES;
				CLANG_WARN_NON_LITERAL_NULL_CONVERSION = YES;
				CLANG_WARN_OBJC_IMPLICIT_RETAIN_SELF = YES;
				CLANG_WARN_OBJC_LITERAL_CONVERSION = YES;
				CLANG_WARN_OBJC_ROOT_CLASS = YES_ERROR;
				CLANG_WARN_RANGE_LOOP_ANALYSIS = YES;
				CLANG_WARN_STRICT_PROTOTYPES = YES;
				CLANG_WARN_SUSPICIOUS_MOVE = YES;
				CLANG_WARN_UNGUARDED_AVAILABILITY = YES_AGGRESSIVE;
				CLANG_WARN_UNREACHABLE_CODE = YES;
				CLANG_WARN__DUPLICATE_METHOD_MATCH = YES;
				CODE_SIGN_IDENTITY = "iPhone Developer";
				COPY_PHASE_STRIP = NO;
				DEBUG_INFORMATION_FORMAT = dwarf;
				ENABLE_STRICT_OBJC_MSGSEND = YES;
				ENABLE_TESTABILITY = YES;
				GCC_C_LANGUAGE_STANDARD = gnu11;
				GCC_DYNAMIC_NO_PIC = NO;
				GCC_NO_COMMON_BLOCKS = YES;
				GCC_OPTIMIZATION_LEVEL = 0;
				GCC_PREPROCESSOR_DEFINITIONS = (
					"DEBUG=1",
					"$(inherited)",
				);
				GCC_WARN_64_TO_32_BIT_CONVERSION = YES;
				GCC_WARN_ABOUT_RETURN_TYPE = YES_ERROR;
				GCC_WARN_UNDECLARED_SELECTOR = YES;
				GCC_WARN_UNINITIALIZED_AUTOS = YES_AGGRESSIVE;
				GCC_WARN_UNUSED_FUNCTION = YES;
				GCC_WARN_UNUSED_VARIABLE = YES;
				IPHONEOS_DEPLOYMENT_TARGET = 12.2;
				MTL_ENABLE_DEBUG_INFO = INCLUDE_SOURCE;
				MTL_FAST_MATH = YES;
				ONLY_ACTIVE_ARCH = YES;
				SDKROOT = iphoneos;
				SWIFT_ACTIVE_COMPILATION_CONDITIONS = DEBUG;
				SWIFT_OPTIMIZATION_LEVEL = "-Onone";
			};
			name = Debug;
		};
		1263609322DF19EA007FDBC0 /* Release */ = {
			isa = XCBuildConfiguration;
			buildSettings = {
				ALWAYS_SEARCH_USER_PATHS = NO;
				CLANG_ANALYZER_NONNULL = YES;
				CLANG_ANALYZER_NUMBER_OBJECT_CONVERSION = YES_AGGRESSIVE;
				CLANG_CXX_LANGUAGE_STANDARD = "gnu++14";
				CLANG_CXX_LIBRARY = "libc++";
				CLANG_ENABLE_MODULES = YES;
				CLANG_ENABLE_OBJC_ARC = YES;
				CLANG_ENABLE_OBJC_WEAK = YES;
				CLANG_WARN_BLOCK_CAPTURE_AUTORELEASING = YES;
				CLANG_WARN_BOOL_CONVERSION = YES;
				CLANG_WARN_COMMA = YES;
				CLANG_WARN_CONSTANT_CONVERSION = YES;
				CLANG_WARN_DEPRECATED_OBJC_IMPLEMENTATIONS = YES;
				CLANG_WARN_DIRECT_OBJC_ISA_USAGE = YES_ERROR;
				CLANG_WARN_DOCUMENTATION_COMMENTS = YES;
				CLANG_WARN_EMPTY_BODY = YES;
				CLANG_WARN_ENUM_CONVERSION = YES;
				CLANG_WARN_INFINITE_RECURSION = YES;
				CLANG_WARN_INT_CONVERSION = YES;
				CLANG_WARN_NON_LITERAL_NULL_CONVERSION = YES;
				CLANG_WARN_OBJC_IMPLICIT_RETAIN_SELF = YES;
				CLANG_WARN_OBJC_LITERAL_CONVERSION = YES;
				CLANG_WARN_OBJC_ROOT_CLASS = YES_ERROR;
				CLANG_WARN_RANGE_LOOP_ANALYSIS = YES;
				CLANG_WARN_STRICT_PROTOTYPES = YES;
				CLANG_WARN_SUSPICIOUS_MOVE = YES;
				CLANG_WARN_UNGUARDED_AVAILABILITY = YES_AGGRESSIVE;
				CLANG_WARN_UNREACHABLE_CODE = YES;
				CLANG_WARN__DUPLICATE_METHOD_MATCH = YES;
				CODE_SIGN_IDENTITY = "iPhone Developer";
				COPY_PHASE_STRIP = NO;
				DEBUG_INFORMATION_FORMAT = "dwarf-with-dsym";
				ENABLE_NS_ASSERTIONS = NO;
				ENABLE_STRICT_OBJC_MSGSEND = YES;
				GCC_C_LANGUAGE_STANDARD = gnu11;
				GCC_NO_COMMON_BLOCKS = YES;
				GCC_WARN_64_TO_32_BIT_CONVERSION = YES;
				GCC_WARN_ABOUT_RETURN_TYPE = YES_ERROR;
				GCC_WARN_UNDECLARED_SELECTOR = YES;
				GCC_WARN_UNINITIALIZED_AUTOS = YES_AGGRESSIVE;
				GCC_WARN_UNUSED_FUNCTION = YES;
				GCC_WARN_UNUSED_VARIABLE = YES;
				IPHONEOS_DEPLOYMENT_TARGET = 12.2;
				MTL_ENABLE_DEBUG_INFO = NO;
				MTL_FAST_MATH = YES;
				SDKROOT = iphoneos;
				SWIFT_COMPILATION_MODE = wholemodule;
				SWIFT_OPTIMIZATION_LEVEL = "-O";
				VALIDATE_PRODUCT = YES;
			};
			name = Release;
		};
		1263609522DF19EA007FDBC0 /* Debug */ = {
			isa = XCBuildConfiguration;
			baseConfigurationReference = 1D4327D248117B457B5EDD2C /* Pods-AmazePOC.debug.xcconfig */;
			buildSettings = {
				ASSETCATALOG_COMPILER_APPICON_NAME = AppIcon;
				CODE_SIGN_STYLE = Automatic;
				DEVELOPMENT_TEAM = E34J8E7G8W;
				INFOPLIST_FILE = AmazePOC/Info.plist;
				IPHONEOS_DEPLOYMENT_TARGET = 12.2;
				LD_RUNPATH_SEARCH_PATHS = (
					"$(inherited)",
					"@executable_path/Frameworks",
				);
				PRODUCT_BUNDLE_IDENTIFIER = com.djubo.swiftUI.AmazePOC;
				PRODUCT_NAME = "$(TARGET_NAME)";
				SWIFT_VERSION = 5.0;
				TARGETED_DEVICE_FAMILY = "1,2";
			};
			name = Debug;
		};
		1263609622DF19EA007FDBC0 /* Release */ = {
			isa = XCBuildConfiguration;
			baseConfigurationReference = 85F36F27F42E62385CF25217 /* Pods-AmazePOC.release.xcconfig */;
			buildSettings = {
				ASSETCATALOG_COMPILER_APPICON_NAME = AppIcon;
				CODE_SIGN_STYLE = Automatic;
				DEVELOPMENT_TEAM = E34J8E7G8W;
				INFOPLIST_FILE = AmazePOC/Info.plist;
				IPHONEOS_DEPLOYMENT_TARGET = 12.2;
				LD_RUNPATH_SEARCH_PATHS = (
					"$(inherited)",
					"@executable_path/Frameworks",
				);
				PRODUCT_BUNDLE_IDENTIFIER = com.djubo.swiftUI.AmazePOC;
				PRODUCT_NAME = "$(TARGET_NAME)";
				SWIFT_VERSION = 5.0;
				TARGETED_DEVICE_FAMILY = "1,2";
			};
			name = Release;
		};
/* End XCBuildConfiguration section */

/* Begin XCConfigurationList section */
		1263607D22DF19E4007FDBC0 /* Build configuration list for PBXProject "AmazePOC" */ = {
			isa = XCConfigurationList;
			buildConfigurations = (
				1263609222DF19EA007FDBC0 /* Debug */,
				1263609322DF19EA007FDBC0 /* Release */,
			);
			defaultConfigurationIsVisible = 0;
			defaultConfigurationName = Release;
		};
		1263609422DF19EA007FDBC0 /* Build configuration list for PBXNativeTarget "AmazePOC" */ = {
			isa = XCConfigurationList;
			buildConfigurations = (
				1263609522DF19EA007FDBC0 /* Debug */,
				1263609622DF19EA007FDBC0 /* Release */,
			);
			defaultConfigurationIsVisible = 0;
			defaultConfigurationName = Release;
		};
/* End XCConfigurationList section */
	};
	rootObject = 1263607A22DF19E4007FDBC0 /* Project object */;
}
